# This file is generated by running "yarn install" inside your project.
# Manual changes might be lost - proceed with caution!

__metadata:
  version: 6
  cacheKey: 8c0

"@shikijs/core@npm:1.21.1":
  version: 1.21.1
  resolution: "@shikijs/core@npm:1.21.1"
  dependencies:
    "@shikijs/engine-javascript": 1.21.1
    "@shikijs/engine-oniguruma": 1.21.1
    "@shikijs/types": 1.21.1
    "@shikijs/vscode-textmate": ^9.3.0
    "@types/hast": ^3.0.4
    hast-util-to-html: ^9.0.3
  checksum: 2d88ef35f2d9f6901b459d370a3138180fc3462ff2d00cc6cebd628799b420fc867786868d5582a726576d0a904e9728c92e3ffdeb3312822e48df07805842ad
  languageName: node
  linkType: hard

"@shikijs/engine-javascript@npm:1.21.1":
  version: 1.21.1
  resolution: "@shikijs/engine-javascript@npm:1.21.1"
  dependencies:
    "@shikijs/types": 1.21.1
    "@shikijs/vscode-textmate": ^9.3.0
    oniguruma-to-js: 0.4.3
  checksum: df6fb765612f8b6153bba73b31fc800a61d025db5a3550421d47aa8302dca64c0b61c431ad182a657eb75246245ffed271f96fd10fbea5b5499a10ca787b0076
  languageName: node
  linkType: hard

"@shikijs/engine-oniguruma@npm:1.21.1":
  version: 1.21.1
  resolution: "@shikijs/engine-oniguruma@npm:1.21.1"
  dependencies:
    "@shikijs/types": 1.21.1
    "@shikijs/vscode-textmate": ^9.3.0
  checksum: 142424809358643acd396ab525e58085de27b957b9d9a0aa190fa66f3ddb2c0e65ea9f5b1664a296c738035f0c73c2495f29fe23dfee5c2581770cbfbe2e8747
  languageName: node
  linkType: hard

"@shikijs/types@npm:1.21.1":
  version: 1.21.1
  resolution: "@shikijs/types@npm:1.21.1"
  dependencies:
    "@shikijs/vscode-textmate": ^9.3.0
    "@types/hast": ^3.0.4
  checksum: af21124f0777e1ee490a9f96839812183bfc79eda927d1bb5637f4af932f9634db4956d7b18ee399e9ec158723051556b9e03a603c054a49a20475a0187728b0
  languageName: node
  linkType: hard

"@shikijs/vscode-textmate@npm:^9.3.0":
  version: 9.3.0
  resolution: "@shikijs/vscode-textmate@npm:9.3.0"
  checksum: 6aa80798b7d7f8be8029bb397ce1b9b75c0d0963d6aa444b9ae165595ceee931cf3767ca1681ba71a6e27484eeccab584bd38db3420da477f1a8d745040b1b1f
  languageName: node
  linkType: hard

"@types/hast@npm:^3.0.0, @types/hast@npm:^3.0.4":
  version: 3.0.4
  resolution: "@types/hast@npm:3.0.4"
  dependencies:
    "@types/unist": "*"
  checksum: 3249781a511b38f1d330fd1e3344eed3c4e7ea8eff82e835d35da78e637480d36fad37a78be5a7aed8465d237ad0446abc1150859d0fde395354ea634decf9f7
  languageName: node
  linkType: hard

"@types/mdast@npm:^4.0.0":
  version: 4.0.4
  resolution: "@types/mdast@npm:4.0.4"
  dependencies:
    "@types/unist": "*"
  checksum: 84f403dbe582ee508fd9c7643ac781ad8597fcbfc9ccb8d4715a2c92e4545e5772cbd0dbdf18eda65789386d81b009967fdef01b24faf6640f817287f54d9c82
  languageName: node
  linkType: hard

"@types/node@npm:^16.11.10":
  version: 16.11.39
  resolution: "@types/node@npm:16.11.39"
  checksum: 28fe6cb1f048d97c524c980131d7b534e0363c124e289c70acb04a89700b58e0a1cbeeecbf3fa505aaed6a2ee98f4cc1d1025baee55f8f2f530732a9f6a87f0b
  languageName: node
  linkType: hard

"@types/unist@npm:*, @types/unist@npm:^3.0.0":
  version: 3.0.3
  resolution: "@types/unist@npm:3.0.3"
  checksum: 2b1e4adcab78388e088fcc3c0ae8700f76619dbcb4741d7d201f87e2cb346bfc29a89003cfea2d76c996e1061452e14fcd737e8b25aacf949c1f2d6b2bc3dd60
  languageName: node
  linkType: hard

"@ungap/structured-clone@npm:^1.0.0":
  version: 1.2.0
  resolution: "@ungap/structured-clone@npm:1.2.0"
  checksum: 8209c937cb39119f44eb63cf90c0b73e7c754209a6411c707be08e50e29ee81356dca1a848a405c8bdeebfe2f5e4f831ad310ae1689eeef65e7445c090c6657d
  languageName: node
  linkType: hard

"argparse@npm:^2.0.1":
  version: 2.0.1
  resolution: "argparse@npm:2.0.1"
  checksum: c5640c2d89045371c7cedd6a70212a04e360fd34d6edeae32f6952c63949e3525ea77dbec0289d8213a99bbaeab5abfa860b5c12cf88a2e6cf8106e90dd27a7e
  languageName: node
  linkType: hard

"balanced-match@npm:^1.0.0":
  version: 1.0.2
  resolution: "balanced-match@npm:1.0.2"
  checksum: 9308baf0a7e4838a82bbfd11e01b1cb0f0cf2893bc1676c27c2a8c0e70cbae1c59120c3268517a8ae7fb6376b4639ef81ca22582611dbee4ed28df945134aaee
  languageName: node
  linkType: hard

"brace-expansion@npm:^2.0.1":
  version: 2.0.1
  resolution: "brace-expansion@npm:2.0.1"
  dependencies:
    balanced-match: ^1.0.0
  checksum: b358f2fe060e2d7a87aa015979ecea07f3c37d4018f8d6deb5bd4c229ad3a0384fe6029bb76cd8be63c81e516ee52d1a0673edbe2023d53a5191732ae3c3e49f
  languageName: node
  linkType: hard

"ccount@npm:^2.0.0":
  version: 2.0.1
  resolution: "ccount@npm:2.0.1"
  checksum: 3939b1664390174484322bc3f45b798462e6c07ee6384cb3d645e0aa2f318502d174845198c1561930e1d431087f74cf1fe291ae9a4722821a9f4ba67e574350
  languageName: node
  linkType: hard

"character-entities-html4@npm:^2.0.0":
  version: 2.1.0
  resolution: "character-entities-html4@npm:2.1.0"
  checksum: fe61b553f083400c20c0b0fd65095df30a0b445d960f3bbf271536ae6c3ba676f39cb7af0b4bf2755812f08ab9b88f2feed68f9aebb73bb153f7a115fe5c6e40
  languageName: node
  linkType: hard

"character-entities-legacy@npm:^3.0.0":
  version: 3.0.0
  resolution: "character-entities-legacy@npm:3.0.0"
  checksum: ec4b430af873661aa754a896a2b55af089b4e938d3d010fad5219299a6b6d32ab175142699ee250640678cd64bdecd6db3c9af0b8759ab7b155d970d84c4c7d1
  languageName: node
  linkType: hard

"comma-separated-tokens@npm:^2.0.0":
  version: 2.0.3
  resolution: "comma-separated-tokens@npm:2.0.3"
  checksum: 91f90f1aae320f1755d6957ef0b864fe4f54737f3313bd95e0802686ee2ca38bff1dd381964d00ae5db42912dd1f4ae5c2709644e82706ffc6f6842a813cdd67
  languageName: node
  linkType: hard

"dequal@npm:^2.0.0":
  version: 2.0.3
  resolution: "dequal@npm:2.0.3"
  checksum: f98860cdf58b64991ae10205137c0e97d384c3a4edc7f807603887b7c4b850af1224a33d88012009f150861cbee4fa2d322c4cc04b9313bee312e47f6ecaa888
  languageName: node
  linkType: hard

"devlop@npm:^1.0.0":
  version: 1.1.0
  resolution: "devlop@npm:1.1.0"
  dependencies:
    dequal: ^2.0.0
  checksum: e0928ab8f94c59417a2b8389c45c55ce0a02d9ac7fd74ef62d01ba48060129e1d594501b77de01f3eeafc7cb00773819b0df74d96251cf20b31c5b3071f45c0e
  languageName: node
  linkType: hard

"entities@npm:^4.4.0":
  version: 4.5.0
  resolution: "entities@npm:4.5.0"
  checksum: 5b039739f7621f5d1ad996715e53d964035f75ad3b9a4d38c6b3804bb226e282ffeae2443624d8fdd9c47d8e926ae9ac009c54671243f0c3294c26af7cc85250
  languageName: node
  linkType: hard

"hast-util-to-html@npm:^9.0.3":
  version: 9.0.3
  resolution: "hast-util-to-html@npm:9.0.3"
  dependencies:
    "@types/hast": ^3.0.0
    "@types/unist": ^3.0.0
    ccount: ^2.0.0
    comma-separated-tokens: ^2.0.0
    hast-util-whitespace: ^3.0.0
    html-void-elements: ^3.0.0
    mdast-util-to-hast: ^13.0.0
    property-information: ^6.0.0
    space-separated-tokens: ^2.0.0
    stringify-entities: ^4.0.0
    zwitch: ^2.0.4
  checksum: af938a03034727f6c944d3855732d72f71a3bcd920d36b9ba3e083df2217faf81713740934db64673aca69d76b60abe80052e47c0702323fd0bd5dce03b67b8d
  languageName: node
  linkType: hard

"hast-util-whitespace@npm:^3.0.0":
  version: 3.0.0
  resolution: "hast-util-whitespace@npm:3.0.0"
  dependencies:
    "@types/hast": ^3.0.0
  checksum: b898bc9fe27884b272580d15260b6bbdabe239973a147e97fa98c45fa0ffec967a481aaa42291ec34fb56530dc2d484d473d7e2bae79f39c83f3762307edfea8
  languageName: node
  linkType: hard

"html-void-elements@npm:^3.0.0":
  version: 3.0.0
  resolution: "html-void-elements@npm:3.0.0"
  checksum: a8b9ec5db23b7c8053876dad73a0336183e6162bf6d2677376d8b38d654fdc59ba74fdd12f8812688f7db6fad451210c91b300e472afc0909224e0a44c8610d2
  languageName: node
  linkType: hard

"linkify-it@npm:^5.0.0":
  version: 5.0.0
  resolution: "linkify-it@npm:5.0.0"
  dependencies:
    uc.micro: ^2.0.0
  checksum: ff4abbcdfa2003472fc3eb4b8e60905ec97718e11e33cca52059919a4c80cc0e0c2a14d23e23d8c00e5402bc5a885cdba8ca053a11483ab3cc8b3c7a52f88e2d
  languageName: node
  linkType: hard

"lunr@npm:^2.3.9":
  version: 2.3.9
  resolution: "lunr@npm:2.3.9"
  checksum: 77d7dbb4fbd602aac161e2b50887d8eda28c0fa3b799159cee380fbb311f1e614219126ecbbd2c3a9c685f1720a8109b3c1ca85cc893c39b6c9cc6a62a1d8a8b
  languageName: node
  linkType: hard

"markdown-it@npm:^14.1.0":
  version: 14.1.0
  resolution: "markdown-it@npm:14.1.0"
  dependencies:
    argparse: ^2.0.1
    entities: ^4.4.0
    linkify-it: ^5.0.0
    mdurl: ^2.0.0
    punycode.js: ^2.3.1
    uc.micro: ^2.1.0
  bin:
    markdown-it: bin/markdown-it.mjs
  checksum: 9a6bb444181d2db7016a4173ae56a95a62c84d4cbfb6916a399b11d3e6581bf1cc2e4e1d07a2f022ae72c25f56db90fbe1e529fca16fbf9541659dc53480d4b4
  languageName: node
  linkType: hard

"mdast-util-to-hast@npm:^13.0.0":
  version: 13.2.0
  resolution: "mdast-util-to-hast@npm:13.2.0"
  dependencies:
    "@types/hast": ^3.0.0
    "@types/mdast": ^4.0.0
    "@ungap/structured-clone": ^1.0.0
    devlop: ^1.0.0
    micromark-util-sanitize-uri: ^2.0.0
    trim-lines: ^3.0.0
    unist-util-position: ^5.0.0
    unist-util-visit: ^5.0.0
    vfile: ^6.0.0
  checksum: 9ee58def9287df8350cbb6f83ced90f9c088d72d4153780ad37854f87144cadc6f27b20347073b285173b1649b0723ddf0b9c78158608a804dcacb6bda6e1816
  languageName: node
  linkType: hard

"mdurl@npm:^2.0.0":
  version: 2.0.0
  resolution: "mdurl@npm:2.0.0"
  checksum: 633db522272f75ce4788440669137c77540d74a83e9015666a9557a152c02e245b192edc20bc90ae953bbab727503994a53b236b4d9c99bdaee594d0e7dd2ce0
  languageName: node
  linkType: hard

"micromark-util-character@npm:^2.0.0":
  version: 2.1.0
  resolution: "micromark-util-character@npm:2.1.0"
  dependencies:
    micromark-util-symbol: ^2.0.0
    micromark-util-types: ^2.0.0
  checksum: fc37a76aaa5a5138191ba2bef1ac50c36b3bcb476522e98b1a42304ab4ec76f5b036a746ddf795d3de3e7004b2c09f21dd1bad42d161f39b8cfc0acd067e6373
  languageName: node
  linkType: hard

"micromark-util-encode@npm:^2.0.0":
  version: 2.0.0
  resolution: "micromark-util-encode@npm:2.0.0"
  checksum: ebdaafff23100bbf4c74e63b4b1612a9ddf94cd7211d6a076bc6fb0bc32c1b48d6fb615aa0953e607c62c97d849f97f1042260d3eb135259d63d372f401bbbb2
  languageName: node
  linkType: hard

"micromark-util-sanitize-uri@npm:^2.0.0":
  version: 2.0.0
  resolution: "micromark-util-sanitize-uri@npm:2.0.0"
  dependencies:
    micromark-util-character: ^2.0.0
    micromark-util-encode: ^2.0.0
    micromark-util-symbol: ^2.0.0
  checksum: 74763ca1c927dd520d3ab8fd9856a19740acf76fc091f0a1f5d4e99c8cd5f1b81c5a0be3efb564941a071fb6d85fd951103f2760eb6cff77b5ab3abe08341309
  languageName: node
  linkType: hard

"micromark-util-symbol@npm:^2.0.0":
  version: 2.0.0
  resolution: "micromark-util-symbol@npm:2.0.0"
  checksum: 4e76186c185ce4cefb9cea8584213d9ffacd77099d1da30c0beb09fa21f46f66f6de4c84c781d7e34ff763fe3a06b530e132fa9004882afab9e825238d0aa8b3
  languageName: node
  linkType: hard

"micromark-util-types@npm:^2.0.0":
  version: 2.0.0
  resolution: "micromark-util-types@npm:2.0.0"
  checksum: d74e913b9b61268e0d6939f4209e3abe9dada640d1ee782419b04fd153711112cfaaa3c4d5f37225c9aee1e23c3bb91a1f5223e1e33ba92d33e83956a53e61de
  languageName: node
  linkType: hard

"minimatch@npm:^9.0.5":
  version: 9.0.5
  resolution: "minimatch@npm:9.0.5"
  dependencies:
    brace-expansion: ^2.0.1
  checksum: de96cf5e35bdf0eab3e2c853522f98ffbe9a36c37797778d2665231ec1f20a9447a7e567cb640901f89e4daaa95ae5d70c65a9e8aa2bb0019b6facbc3c0575ed
  languageName: node
  linkType: hard

"oniguruma-to-js@npm:0.4.3":
  version: 0.4.3
  resolution: "oniguruma-to-js@npm:0.4.3"
  dependencies:
    regex: ^4.3.2
  checksum: 47d8a4089b1fd0ae4b9781907a92222ae549756ddb72a177a85fdc3bda8e59ce2840710dd03e448b80c9878aa8f4e14519fccc3652da71fc3e8bc048d5cb6acb
  languageName: node
  linkType: hard

"property-information@npm:^6.0.0":
  version: 6.5.0
  resolution: "property-information@npm:6.5.0"
  checksum: 981e0f9cc2e5acdb414a6fd48a99dd0fd3a4079e7a91ab41cf97a8534cf43e0e0bc1ffada6602a1b3d047a33db8b5fc2ef46d863507eda712d5ceedac443f0ef
  languageName: node
  linkType: hard

"punycode.js@npm:^2.3.1":
  version: 2.3.1
  resolution: "punycode.js@npm:2.3.1"
  checksum: 1d12c1c0e06127fa5db56bd7fdf698daf9a78104456a6b67326877afc21feaa821257b171539caedd2f0524027fa38e67b13dd094159c8d70b6d26d2bea4dfdb
  languageName: node
  linkType: hard

"regex@npm:^4.3.2":
  version: 4.3.3
  resolution: "regex@npm:4.3.3"
  checksum: 543caebc029af8e6205513accf1b32bcafd71a6c48d39af63ce667d043d11d3c81f5c3fa6d9729175c23257180c5588de9e7ae9fe8a1c1d8924699265764dea2
  languageName: node
  linkType: hard

"shiki@npm:^1.16.2":
  version: 1.21.1
  resolution: "shiki@npm:1.21.1"
  dependencies:
    "@shikijs/core": 1.21.1
    "@shikijs/engine-javascript": 1.21.1
    "@shikijs/engine-oniguruma": 1.21.1
    "@shikijs/types": 1.21.1
    "@shikijs/vscode-textmate": ^9.3.0
    "@types/hast": ^3.0.4
  checksum: 850f4d1227aea8bfeb389211389b25f395aa67292477ac752f775a67616c049287cf455cd1bb2e964796a476593decb13126e7f5b37f5ec95429a975f6f6525c
  languageName: node
  linkType: hard

"space-separated-tokens@npm:^2.0.0":
  version: 2.0.2
  resolution: "space-separated-tokens@npm:2.0.2"
  checksum: 6173e1d903dca41dcab6a2deed8b4caf61bd13b6d7af8374713500570aa929ff9414ae09a0519f4f8772df993300305a395d4871f35bc4ca72b6db57e1f30af8
  languageName: node
  linkType: hard

"stringify-entities@npm:^4.0.0":
  version: 4.0.4
  resolution: "stringify-entities@npm:4.0.4"
  dependencies:
    character-entities-html4: ^2.0.0
    character-entities-legacy: ^3.0.0
  checksum: 537c7e656354192406bdd08157d759cd615724e9d0873602d2c9b2f6a5c0a8d0b1d73a0a08677848105c5eebac6db037b57c0b3a4ec86331117fa7319ed50448
  languageName: node
  linkType: hard

"trim-lines@npm:^3.0.0":
  version: 3.0.1
  resolution: "trim-lines@npm:3.0.1"
  checksum: 3a1611fa9e52aa56a94c69951a9ea15b8aaad760eaa26c56a65330dc8adf99cb282fc07cc9d94968b7d4d88003beba220a7278bbe2063328eb23fb56f9509e94
  languageName: node
  linkType: hard

"typedoc-frontmatter-plugin@workspace:.":
  version: 0.0.0-use.local
  resolution: "typedoc-frontmatter-plugin@workspace:."
  dependencies:
    "@types/node": ^16.11.10
    typedoc: ^0.26.0
    typescript: 4.5.2
  peerDependencies:
    typedoc: 0.22.x || 0.26.x
  languageName: unknown
  linkType: soft

"typedoc@npm:^0.26.0":
  version: 0.26.8
  resolution: "typedoc@npm:0.26.8"
  dependencies:
    lunr: ^2.3.9
    markdown-it: ^14.1.0
    minimatch: ^9.0.5
    shiki: ^1.16.2
    yaml: ^2.5.1
  peerDependencies:
    typescript: 4.6.x || 4.7.x || 4.8.x || 4.9.x || 5.0.x || 5.1.x || 5.2.x || 5.3.x || 5.4.x || 5.5.x || 5.6.x
  bin:
    typedoc: bin/typedoc
  checksum: 8381e50139ca8df9e9dfcaff35d6a5d1a226b32969ed2dcbc65aafacd1aaef2ecc4712f229229e8bb3850971b530af2e79312fcd2e18febe950c03710c504eec
  languageName: node
  linkType: hard

"typescript@npm:4.5.2":
  version: 4.5.2
  resolution: "typescript@npm:4.5.2"
  bin:
    tsc: bin/tsc
    tsserver: bin/tsserver
  checksum: 8fc40b886018889ad2099cb1b477c4f0373528c9fca83860ad33e898fe19ada22568477aca91741fbeabf0402e203f0e2d6d14ed6973ad826893cc13b2dfd459
  languageName: node
  linkType: hard

"typescript@patch:typescript@4.5.2#~builtin<compat/typescript>":
  version: 4.5.2
  resolution: "typescript@patch:typescript@npm%3A4.5.2#~builtin<compat/typescript>::version=4.5.2&hash=7ad353"
  bin:
    tsc: bin/tsc
    tsserver: bin/tsserver
  checksum: 90eaf5227b6a755da1a77665b24b958a8bc79b12b435c4254255ceada6ac6eb7905678b37c23c4f63a298b7ed6bee8fc87df78b98d0b0e7f0e30e873334121fd
  languageName: node
  linkType: hard

"uc.micro@npm:^2.0.0, uc.micro@npm:^2.1.0":
  version: 2.1.0
  resolution: "uc.micro@npm:2.1.0"
  checksum: 8862eddb412dda76f15db8ad1c640ccc2f47cdf8252a4a30be908d535602c8d33f9855dfcccb8b8837855c1ce1eaa563f7fa7ebe3c98fd0794351aab9b9c55fa
  languageName: node
  linkType: hard

"unist-util-is@npm:^6.0.0":
  version: 6.0.0
  resolution: "unist-util-is@npm:6.0.0"
  dependencies:
    "@types/unist": ^3.0.0
  checksum: 9419352181eaa1da35eca9490634a6df70d2217815bb5938a04af3a662c12c5607a2f1014197ec9c426fbef18834f6371bfdb6f033040fa8aa3e965300d70e7e
  languageName: node
  linkType: hard

"unist-util-position@npm:^5.0.0":
  version: 5.0.0
  resolution: "unist-util-position@npm:5.0.0"
  dependencies:
    "@types/unist": ^3.0.0
  checksum: dde3b31e314c98f12b4dc6402f9722b2bf35e96a4f2d463233dd90d7cde2d4928074a7a11eff0a5eb1f4e200f27fc1557e0a64a7e8e4da6558542f251b1b7400
  languageName: node
  linkType: hard

"unist-util-stringify-position@npm:^4.0.0":
  version: 4.0.0
  resolution: "unist-util-stringify-position@npm:4.0.0"
  dependencies:
    "@types/unist": ^3.0.0
  checksum: dfe1dbe79ba31f589108cb35e523f14029b6675d741a79dea7e5f3d098785045d556d5650ec6a8338af11e9e78d2a30df12b1ee86529cded1098da3f17ee999e
  languageName: node
  linkType: hard

"unist-util-visit-parents@npm:^6.0.0":
  version: 6.0.1
  resolution: "unist-util-visit-parents@npm:6.0.1"
  dependencies:
    "@types/unist": ^3.0.0
    unist-util-is: ^6.0.0
  checksum: 51b1a5b0aa23c97d3e03e7288f0cdf136974df2217d0999d3de573c05001ef04cccd246f51d2ebdfb9e8b0ed2704451ad90ba85ae3f3177cf9772cef67f56206
  languageName: node
  linkType: hard

"unist-util-visit@npm:^5.0.0":
  version: 5.0.0
  resolution: "unist-util-visit@npm:5.0.0"
  dependencies:
    "@types/unist": ^3.0.0
    unist-util-is: ^6.0.0
    unist-util-visit-parents: ^6.0.0
  checksum: 51434a1d80252c1540cce6271a90fd1a106dbe624997c09ed8879279667fb0b2d3a685e02e92bf66598dcbe6cdffa7a5f5fb363af8fdf90dda6c855449ae39a5
  languageName: node
  linkType: hard

"vfile-message@npm:^4.0.0":
  version: 4.0.2
  resolution: "vfile-message@npm:4.0.2"
  dependencies:
    "@types/unist": ^3.0.0
    unist-util-stringify-position: ^4.0.0
  checksum: 07671d239a075f888b78f318bc1d54de02799db4e9dce322474e67c35d75ac4a5ac0aaf37b18801d91c9f8152974ea39678aa72d7198758b07f3ba04fb7d7514
  languageName: node
  linkType: hard

"vfile@npm:^6.0.0":
  version: 6.0.3
  resolution: "vfile@npm:6.0.3"
  dependencies:
    "@types/unist": ^3.0.0
    vfile-message: ^4.0.0
  checksum: e5d9eb4810623f23758cfc2205323e33552fb5972e5c2e6587babe08fe4d24859866277404fb9e2a20afb71013860d96ec806cb257536ae463c87d70022ab9ef
  languageName: node
  linkType: hard

"yaml@npm:^2.5.1":
  version: 2.5.1
  resolution: "yaml@npm:2.5.1"
  bin:
    yaml: bin.mjs
  checksum: 40fba5682898dbeeb3319e358a968fe886509fab6f58725732a15f8dda3abac509f91e76817c708c9959a15f786f38ff863c1b88062d7c1162c5334a7d09cb4a
  languageName: node
  linkType: hard

"zwitch@npm:^2.0.4":
  version: 2.0.4
  resolution: "zwitch@npm:2.0.4"
  checksum: 3c7830cdd3378667e058ffdb4cf2bb78ac5711214e2725900873accb23f3dfe5f9e7e5a06dcdc5f29605da976fc45c26d9a13ca334d6eea2245a15e77b8fc06e
  languageName: node
  linkType: hard
